PODS:
  - Alamofire (4.4.0)
  - Kingfisher (3.5.1)
  - ObjectMapper (2.2.5)

DEPENDENCIES:
  - Alamofire (~> 4.3)
  - Kingfisher (~> 3.3)
  - ObjectMapper (~> 2.2)

SPEC CHECKSUMS:
  Alamofire: dc44b1600b800eb63da6a19039a0083d62a6a62d
  Kingfisher: 12eeffeef42ea45b68c5e5acfe8ba9005b713ab4
  ObjectMapper: fb30f71e08470d1e5a20b199fafe1246281db898

PODFILE CHECKSUM: d631436ccc0b27e9387189a8dd778ea607a72e5e

COCOAPODS: 1.2.0
