// !$*UTF8*$!
{
	archiveVersion = 1;
	classes = {
	};
	objectVersion = 46;
	objects = {

/* Begin PBXBuildFile section */
		77851316EE1ACD40E50C8FD8 /* Pods_Graygram_clone_iOS.framework in Frameworks */ = {isa = PBXBuildFile; fileRef = 6732A765E0701662B87840F4 /* Pods_Graygram_clone_iOS.framework */; };
		BD0FA7C71E751F84001C782E /* AppDelegate.swift in Sources */ = {isa = PBXBuildFile; fileRef = BD0FA7C61E751F84001C782E /* AppDelegate.swift */; };
		BD0FA7C91E751F84001C782E /* FeedViewController.swift in Sources */ = {isa = PBXBuildFile; fileRef = BD0FA7C81E751F84001C782E /* FeedViewController.swift */; };
		BD0FA7CE1E751F84001C782E /* Assets.xcassets in Resources */ = {isa = PBXBuildFile; fileRef = BD0FA7CD1E751F84001C782E /* Assets.xcassets */; };
		BD0FA7D11E751F84001C782E /* LaunchScreen.storyboard in Resources */ = {isa = PBXBuildFile; fileRef = BD0FA7CF1E751F84001C782E /* LaunchScreen.storyboard */; };
		BD0FA7D91E7525B9001C782E /* Post.swift in Sources */ = {isa = PBXBuildFile; fileRef = BD0FA7D81E7525B9001C782E /* Post.swift */; };
		BD0FA7DB1E752B8F001C782E /* PostCardCell.swift in Sources */ = {isa = PBXBuildFile; fileRef = BD0FA7DA1E752B8F001C782E /* PostCardCell.swift */; };
/* End PBXBuildFile section */

/* Begin PBXFileReference section */
		6732A765E0701662B87840F4 /* Pods_Graygram_clone_iOS.framework */ = {isa = PBXFileReference; explicitFileType = wrapper.framework; includeInIndex = 0; path = Pods_Graygram_clone_iOS.framework; sourceTree = BUILT_PRODUCTS_DIR; };
		BD0FA7C31E751F84001C782E /* Graygram-clone-iOS.app */ = {isa = PBXFileReference; explicitFileType = wrapper.application; includeInIndex = 0; path = "Graygram-clone-iOS.app"; sourceTree = BUILT_PRODUCTS_DIR; };
		BD0FA7C61E751F84001C782E /* AppDelegate.swift */ = {isa = PBXFileReference; lastKnownFileType = sourcecode.swift; path = AppDelegate.swift; sourceTree = "<group>"; };
		BD0FA7C81E751F84001C782E /* FeedViewController.swift */ = {isa = PBXFileReference; lastKnownFileType = sourcecode.swift; path = FeedViewController.swift; sourceTree = "<group>"; };
		BD0FA7CD1E751F84001C782E /* Assets.xcassets */ = {isa = PBXFileReference; lastKnownFileType = folder.assetcatalog; path = Assets.xcassets; sourceTree = "<group>"; };
		BD0FA7D01E751F84001C782E /* Base */ = {isa = PBXFileReference; lastKnownFileType = file.storyboard; name = Base; path = Base.lproj/LaunchScreen.storyboard; sourceTree = "<group>"; };
		BD0FA7D21E751F84001C782E /* Info.plist */ = {isa = PBXFileReference; lastKnownFileType = text.plist.xml; path = Info.plist; sourceTree = "<group>"; };
		BD0FA7D81E7525B9001C782E /* Post.swift */ = {isa = PBXFileReference; fileEncoding = 4; lastKnownFileType = sourcecode.swift; path = Post.swift; sourceTree = "<group>"; };
		BD0FA7DA1E752B8F001C782E /* PostCardCell.swift */ = {isa = PBXFileReference; fileEncoding = 4; lastKnownFileType = sourcecode.swift; path = PostCardCell.swift; sourceTree = "<group>"; };
		D26E671987A3E4B4CFE8800A /* Pods-Graygram-clone-iOS.release.xcconfig */ = {isa = PBXFileReference; includeInIndex = 1; lastKnownFileType = text.xcconfig; name = "Pods-Graygram-clone-iOS.release.xcconfig"; path = "Pods/Target Support Files/Pods-Graygram-clone-iOS/Pods-Graygram-clone-iOS.release.xcconfig"; sourceTree = "<group>"; };
		E5134AD788F01C15C39A71A6 /* Pods-Graygram-clone-iOS.debug.xcconfig */ = {isa = PBXFileReference; includeInIndex = 1; lastKnownFileType = text.xcconfig; name = "Pods-Graygram-clone-iOS.debug.xcconfig"; path = "Pods/Target Support Files/Pods-Graygram-clone-iOS/Pods-Graygram-clone-iOS.debug.xcconfig"; sourceTree = "<group>"; };
/* End PBXFileReference section */

/* Begin PBXFrameworksBuildPhase section */
		BD0FA7C01E751F84001C782E /* Frameworks */ = {
			isa = PBXFrameworksBuildPhase;
			buildActionMask = 2147483647;
			files = (
				77851316EE1ACD40E50C8FD8 /* Pods_Graygram_clone_iOS.framework in Frameworks */,
			);
			runOnlyForDeploymentPostprocessing = 0;
		};
/* End PBXFrameworksBuildPhase section */

/* Begin PBXGroup section */
		98121CBE9EDF94380364A153 /* Frameworks */ = {
			isa = PBXGroup;
			children = (
				6732A765E0701662B87840F4 /* Pods_Graygram_clone_iOS.framework */,
			);
			name = Frameworks;
			sourceTree = "<group>";
		};
		BD0FA7BA1E751F84001C782E = {
			isa = PBXGroup;
			children = (
				BD0FA7C51E751F84001C782E /* Graygram-clone-iOS */,
				BD0FA7C41E751F84001C782E /* Products */,
				FDDE86D1DBB1A2A0287B4456 /* Pods */,
				98121CBE9EDF94380364A153 /* Frameworks */,
			);
			sourceTree = "<group>";
		};
		BD0FA7C41E751F84001C782E /* Products */ = {
			isa = PBXGroup;
			children = (
				BD0FA7C31E751F84001C782E /* Graygram-clone-iOS.app */,
			);
			name = Products;
			sourceTree = "<group>";
		};
		BD0FA7C51E751F84001C782E /* Graygram-clone-iOS */ = {
			isa = PBXGroup;
			children = (
				BD0FA7C61E751F84001C782E /* AppDelegate.swift */,
				BD0FA7C81E751F84001C782E /* FeedViewController.swift */,
				BD0FA7DA1E752B8F001C782E /* PostCardCell.swift */,
				BD0FA7CD1E751F84001C782E /* Assets.xcassets */,
				BD0FA7CF1E751F84001C782E /* LaunchScreen.storyboard */,
				BD0FA7D21E751F84001C782E /* Info.plist */,
				BD0FA7D81E7525B9001C782E /* Post.swift */,
			);
			path = "Graygram-clone-iOS";
			sourceTree = "<group>";
		};
		FDDE86D1DBB1A2A0287B4456 /* Pods */ = {
			isa = PBXGroup;
			children = (
				E5134AD788F01C15C39A71A6 /* Pods-Graygram-clone-iOS.debug.xcconfig */,
				D26E671987A3E4B4CFE8800A /* Pods-Graygram-clone-iOS.release.xcconfig */,
			);
			name = Pods;
			sourceTree = "<group>";
		};
/* End PBXGroup section */

/* Begin PBXNativeTarget section */
		BD0FA7C21E751F84001C782E /* Graygram-clone-iOS */ = {
			isa = PBXNativeTarget;
			buildConfigurationList = BD0FA7D51E751F84001C782E /* Build configuration list for PBXNativeTarget "Graygram-clone-iOS" */;
			buildPhases = (
				A4B8D2E6F3F1579A057570B7 /* [CP] Check Pods Manifest.lock */,
				BD0FA7BF1E751F84001C782E /* Sources */,
				BD0FA7C01E751F84001C782E /* Frameworks */,
				BD0FA7C11E751F84001C782E /* Resources */,
				695BB8FDA53E3C77A35DA494 /* [CP] Embed Pods Frameworks */,
				BB745224C0E53C67F5F65F53 /* [CP] Copy Pods Resources */,
			);
			buildRules = (
			);
			dependencies = (
			);
			name = "Graygram-clone-iOS";
			productName = "Graygram-clone-iOS";
			productReference = BD0FA7C31E751F84001C782E /* Graygram-clone-iOS.app */;
			productType = "com.apple.product-type.application";
		};
/* End PBXNativeTarget section */

/* Begin PBXProject section */
		BD0FA7BB1E751F84001C782E /* Project object */ = {
			isa = PBXProject;
			attributes = {
				LastSwiftUpdateCheck = 0820;
				LastUpgradeCheck = 0820;
				ORGANIZATIONNAME = "Taedong Kim";
				TargetAttributes = {
					BD0FA7C21E751F84001C782E = {
						CreatedOnToolsVersion = 8.2.1;
						ProvisioningStyle = Automatic;
					};
				};
			};
			buildConfigurationList = BD0FA7BE1E751F84001C782E /* Build configuration list for PBXProject "Graygram-clone-iOS" */;
			compatibilityVersion = "Xcode 3.2";
			developmentRegion = English;
			hasScannedForEncodings = 0;
			knownRegions = (
				en,
				Base,
			);
			mainGroup = BD0FA7BA1E751F84001C782E;
			productRefGroup = BD0FA7C41E751F84001C782E /* Products */;
			projectDirPath = "";
			projectRoot = "";
			targets = (
				BD0FA7C21E751F84001C782E /* Graygram-clone-iOS */,
			);
		};
/* End PBXProject section */

/* Begin PBXResourcesBuildPhase section */
		BD0FA7C11E751F84001C782E /* Resources */ = {
			isa = PBXResourcesBuildPhase;
			buildActionMask = 2147483647;
			files = (
				BD0FA7D11E751F84001C782E /* LaunchScreen.storyboard in Resources */,
				BD0FA7CE1E751F84001C782E /* Assets.xcassets in Resources */,
			);
			runOnlyForDeploymentPostprocessing = 0;
		};
/* End PBXResourcesBuildPhase section */

/* Begin PBXShellScriptBuildPhase section */
		695BB8FDA53E3C77A35DA494 /* [CP] Embed Pods Frameworks */ = {
			isa = PBXShellScriptBuildPhase;
			buildActionMask = 2147483647;
			files = (
			);
			inputPaths = (
			);
			name = "[CP] Embed Pods Frameworks";
			outputPaths = (
			);
			runOnlyForDeploymentPostprocessing = 0;
			shellPath = /bin/sh;
			shellScript = "\"${SRCROOT}/Pods/Target Support Files/Pods-Graygram-clone-iOS/Pods-Graygram-clone-iOS-frameworks.sh\"\n";
			showEnvVarsInLog = 0;
		};
		A4B8D2E6F3F1579A057570B7 /* [CP] Check Pods Manifest.lock */ = {
			isa = PBXShellScriptBuildPhase;
			buildActionMask = 2147483647;
			files = (
			);
			inputPaths = (
			);
			name = "[CP] Check Pods Manifest.lock";
			outputPaths = (
			);
			runOnlyForDeploymentPostprocessing = 0;
			shellPath = /bin/sh;
			shellScript = "diff \"${PODS_ROOT}/../Podfile.lock\" \"${PODS_ROOT}/Manifest.lock\" > /dev/null\nif [ $? != 0 ] ; then\n    # print error to STDERR\n    echo \"error: The sandbox is not in sync with the Podfile.lock. Run 'pod install' or update your CocoaPods installation.\" >&2\n    exit 1\nfi\n";
			showEnvVarsInLog = 0;
		};
		BB745224C0E53C67F5F65F53 /* [CP] Copy Pods Resources */ = {
			isa = PBXShellScriptBuildPhase;
			buildActionMask = 2147483647;
			files = (
			);
			inputPaths = (
			);
			name = "[CP] Copy Pods Resources";
			outputPaths = (
			);
			runOnlyForDeploymentPostprocessing = 0;
			shellPath = /bin/sh;
			shellScript = "\"${SRCROOT}/Pods/Target Support Files/Pods-Graygram-clone-iOS/Pods-Graygram-clone-iOS-resources.sh\"\n";
			showEnvVarsInLog = 0;
		};
/* End PBXShellScriptBuildPhase section */

/* Begin PBXSourcesBuildPhase section */
		BD0FA7BF1E751F84001C782E /* Sources */ = {
			isa = PBXSourcesBuildPhase;
			buildActionMask = 2147483647;
			files = (
				BD0FA7D91E7525B9001C782E /* Post.swift in Sources */,
				BD0FA7DB1E752B8F001C782E /* PostCardCell.swift in Sources */,
				BD0FA7C91E751F84001C782E /* FeedViewController.swift in Sources */,
				BD0FA7C71E751F84001C782E /* AppDelegate.swift in Sources */,
			);
			runOnlyForDeploymentPostprocessing = 0;
		};
/* End PBXSourcesBuildPhase section */

/* Begin PBXVariantGroup section */
		BD0FA7CF1E751F84001C782E /* LaunchScreen.storyboard */ = {
			isa = PBXVariantGroup;
			children = (
				BD0FA7D01E751F84001C782E /* Base */,
			);
			name = LaunchScreen.storyboard;
			sourceTree = "<group>";
		};
/* End PBXVariantGroup section */

/* Begin XCBuildConfiguration section */
		BD0FA7D31E751F84001C782E /* Debug */ = {
			isa = XCBuildConfiguration;
			buildSettings = {
				ALWAYS_SEARCH_USER_PATHS = NO;
				CLANG_ANALYZER_NONNULL = YES;
				CLANG_CXX_LANGUAGE_STANDARD = "gnu++0x";
				CLANG_CXX_LIBRARY = "libc++";
				CLANG_ENABLE_MODULES = YES;
				CLANG_ENABLE_OBJC_ARC = YES;
				CLANG_WARN_BOOL_CONVERSION = YES;
				CLANG_WARN_CONSTANT_CONVERSION = YES;
				CLANG_WARN_DIRECT_OBJC_ISA_USAGE = YES_ERROR;
				CLANG_WARN_DOCUMENTATION_COMMENTS = YES;
				CLANG_WARN_EMPTY_BODY = YES;
				CLANG_WARN_ENUM_CONVERSION = YES;
				CLANG_WARN_INFINITE_RECURSION = YES;
				CLANG_WARN_INT_CONVERSION = YES;
				CLANG_WARN_OBJC_ROOT_CLASS = YES_ERROR;
				CLANG_WARN_SUSPICIOUS_MOVE = YES;
				CLANG_WARN_UNREACHABLE_CODE = YES;
				CLANG_WARN__DUPLICATE_METHOD_MATCH = YES;
				"CODE_SIGN_IDENTITY[sdk=iphoneos*]" = "iPhone Developer";
				COPY_PHASE_STRIP = NO;
				DEBUG_INFORMATION_FORMAT = dwarf;
				ENABLE_STRICT_OBJC_MSGSEND = YES;
				ENABLE_TESTABILITY = YES;
				GCC_C_LANGUAGE_STANDARD = gnu99;
				GCC_DYNAMIC_NO_PIC = NO;
				GCC_NO_COMMON_BLOCKS = YES;
				GCC_OPTIMIZATION_LEVEL = 0;
				GCC_PREPROCESSOR_DEFINITIONS = (
					"DEBUG=1",
					"$(inherited)",
				);
				GCC_WARN_64_TO_32_BIT_CONVERSION = YES;
				GCC_WARN_ABOUT_RETURN_TYPE = YES_ERROR;
				GCC_WARN_UNDECLARED_SELECTOR = YES;
				GCC_WARN_UNINITIALIZED_AUTOS = YES_AGGRESSIVE;
				GCC_WARN_UNUSED_FUNCTION = YES;
				GCC_WARN_UNUSED_VARIABLE = YES;
				IPHONEOS_DEPLOYMENT_TARGET = 10.2;
				MTL_ENABLE_DEBUG_INFO = YES;
				ONLY_ACTIVE_ARCH = YES;
				SDKROOT = iphoneos;
				SWIFT_ACTIVE_COMPILATION_CONDITIONS = DEBUG;
				SWIFT_OPTIMIZATION_LEVEL = "-Onone";
			};
			name = Debug;
		};
		BD0FA7D41E751F84001C782E /* Release */ = {
			isa = XCBuildConfiguration;
			buildSettings = {
				ALWAYS_SEARCH_USER_PATHS = NO;
				CLANG_ANALYZER_NONNULL = YES;
				CLANG_CXX_LANGUAGE_STANDARD = "gnu++0x";
				CLANG_CXX_LIBRARY = "libc++";
				CLANG_ENABLE_MODULES = YES;
				CLANG_ENABLE_OBJC_ARC = YES;
				CLANG_WARN_BOOL_CONVERSION = YES;
				CLANG_WARN_CONSTANT_CONVERSION = YES;
				CLANG_WARN_DIRECT_OBJC_ISA_USAGE = YES_ERROR;
				CLANG_WARN_DOCUMENTATION_COMMENTS = YES;
				CLANG_WARN_EMPTY_BODY = YES;
				CLANG_WARN_ENUM_CONVERSION = YES;
				CLANG_WARN_INFINITE_RECURSION = YES;
				CLANG_WARN_INT_CONVERSION = YES;
				CLANG_WARN_OBJC_ROOT_CLASS = YES_ERROR;
				CLANG_WARN_SUSPICIOUS_MOVE = YES;
				CLANG_WARN_UNREACHABLE_CODE = YES;
				CLANG_WARN__DUPLICATE_METHOD_MATCH = YES;
				"CODE_SIGN_IDENTITY[sdk=iphoneos*]" = "iPhone Developer";
				COPY_PHASE_STRIP = NO;
				DEBUG_INFORMATION_FORMAT = "dwarf-with-dsym";
				ENABLE_NS_ASSERTIONS = NO;
				ENABLE_STRICT_OBJC_MSGSEND = YES;
				GCC_C_LANGUAGE_STANDARD = gnu99;
				GCC_NO_COMMON_BLOCKS = YES;
				GCC_WARN_64_TO_32_BIT_CONVERSION = YES;
				GCC_WARN_ABOUT_RETURN_TYPE = YES_ERROR;
				GCC_WARN_UNDECLARED_SELECTOR = YES;
				GCC_WARN_UNINITIALIZED_AUTOS = YES_AGGRESSIVE;
				GCC_WARN_UNUSED_FUNCTION = YES;
				GCC_WARN_UNUSED_VARIABLE = YES;
				IPHONEOS_DEPLOYMENT_TARGET = 10.2;
				MTL_ENABLE_DEBUG_INFO = NO;
				SDKROOT = iphoneos;
				SWIFT_OPTIMIZATION_LEVEL = "-Owholemodule";
				VALIDATE_PRODUCT = YES;
			};
			name = Release;
		};
		BD0FA7D61E751F84001C782E /* Debug */ = {
			isa = XCBuildConfiguration;
			baseConfigurationReference = E5134AD788F01C15C39A71A6 /* Pods-Graygram-clone-iOS.debug.xcconfig */;
			buildSettings = {
				ASSETCATALOG_COMPILER_APPICON_NAME = AppIcon;
				INFOPLIST_FILE = "Graygram-clone-iOS/Info.plist";
				LD_RUNPATH_SEARCH_PATHS = "$(inherited) @executable_path/Frameworks";
				PRODUCT_BUNDLE_IDENTIFIER = "com.aney.Graygram-clone-iOS";
				PRODUCT_NAME = "$(TARGET_NAME)";
				SWIFT_VERSION = 3.0;
			};
			name = Debug;
		};
		BD0FA7D71E751F84001C782E /* Release */ = {
			isa = XCBuildConfiguration;
			baseConfigurationReference = D26E671987A3E4B4CFE8800A /* Pods-Graygram-clone-iOS.release.xcconfig */;
			buildSettings = {
				ASSETCATALOG_COMPILER_APPICON_NAME = AppIcon;
				INFOPLIST_FILE = "Graygram-clone-iOS/Info.plist";
				LD_RUNPATH_SEARCH_PATHS = "$(inherited) @executable_path/Frameworks";
				PRODUCT_BUNDLE_IDENTIFIER = "com.aney.Graygram-clone-iOS";
				PRODUCT_NAME = "$(TARGET_NAME)";
				SWIFT_VERSION = 3.0;
			};
			name = Release;
		};
/* End XCBuildConfiguration section */

/* Begin XCConfigurationList section */
		BD0FA7BE1E751F84001C782E /* Build configuration list for PBXProject "Graygram-clone-iOS" */ = {
			isa = XCConfigurationList;
			buildConfigurations = (
				BD0FA7D31E751F84001C782E /* Debug */,
				BD0FA7D41E751F84001C782E /* Release */,
			);
			defaultConfigurationIsVisible = 0;
			defaultConfigurationName = Release;
		};
		BD0FA7D51E751F84001C782E /* Build configuration list for PBXNativeTarget "Graygram-clone-iOS" */ = {
			isa = XCConfigurationList;
			buildConfigurations = (
				BD0FA7D61E751F84001C782E /* Debug */,
				BD0FA7D71E751F84001C782E /* Release */,
			);
			defaultConfigurationIsVisible = 0;
			defaultConfigurationName = Release;
		};
/* End XCConfigurationList section */
	};
	rootObject = BD0FA7BB1E751F84001C782E /* Project object */;
}
